// !$*UTF8*$!
{
	archiveVersion = 1;
	classes = {
	};
	objectVersion = 46;
	objects = {

/* Begin PBXBuildFile section */
		19E183CB8C292C9BD2A200BE /* libPods.a in Frameworks */ = {isa = PBXBuildFile; fileRef = 94115B8E1714CBB50A19757A /* libPods.a */; };
		CA9DC9991D3DC6CF00152566 /* main.m in Sources */ = {isa = PBXBuildFile; fileRef = CA9DC9981D3DC6CF00152566 /* main.m */; };
		CA9DC99C1D3DC6CF00152566 /* AppDelegate.mm in Sources */ = {isa = PBXBuildFile; fileRef = CA9DC99B1D3DC6CF00152566 /* AppDelegate.mm */; };
		CA9DC9A41D3DC6CF00152566 /* Assets.xcassets in Resources */ = {isa = PBXBuildFile; fileRef = CA9DC9A31D3DC6CF00152566 /* Assets.xcassets */; };
		CA9DC9A71D3DC6CF00152566 /* LaunchScreen.storyboard in Resources */ = {isa = PBXBuildFile; fileRef = CA9DC9A51D3DC6CF00152566 /* LaunchScreen.storyboard */; };
		CA9DC9B21D3DC6CF00152566 /* MapStopwatchTests.m in Sources */ = {isa = PBXBuildFile; fileRef = CA9DC9B11D3DC6CF00152566 /* MapStopwatchTests.m */; };
		CA9DC9BD1D3DC6CF00152566 /* MapStopwatchUITests.m in Sources */ = {isa = PBXBuildFile; fileRef = CA9DC9BC1D3DC6CF00152566 /* MapStopwatchUITests.m */; };
		CA9DC9D31D3DF56700152566 /* MapRiding.xib in Resources */ = {isa = PBXBuildFile; fileRef = CA9DC9CA1D3DF56700152566 /* MapRiding.xib */; };
		CA9DC9D41D3DF56700152566 /* MapRidingView.m in Sources */ = {isa = PBXBuildFile; fileRef = CA9DC9CC1D3DF56700152566 /* MapRidingView.m */; };
		CA9DC9D51D3DF56700152566 /* Riding.storyboard in Resources */ = {isa = PBXBuildFile; fileRef = CA9DC9CD1D3DF56700152566 /* Riding.storyboard */; };
		CA9DC9D61D3DF56700152566 /* RidingController.m in Sources */ = {isa = PBXBuildFile; fileRef = CA9DC9CF1D3DF56700152566 /* RidingController.m */; };
		CA9DC9D71D3DF56700152566 /* TableRiding.xib in Resources */ = {isa = PBXBuildFile; fileRef = CA9DC9D01D3DF56700152566 /* TableRiding.xib */; };
		CA9DC9D81D3DF56700152566 /* TableRidingView.m in Sources */ = {isa = PBXBuildFile; fileRef = CA9DC9D21D3DF56700152566 /* TableRidingView.m */; };
		CA9DC9DA1D3E010C00152566 /* CoreLocation.framework in Frameworks */ = {isa = PBXBuildFile; fileRef = CA9DC9D91D3E010C00152566 /* CoreLocation.framework */; };
		CA9DC9DC1D3E011300152566 /* QuartzCore.framework in Frameworks */ = {isa = PBXBuildFile; fileRef = CA9DC9DB1D3E011300152566 /* QuartzCore.framework */; };
		CA9DC9DE1D3E011B00152566 /* OpenGLES.framework in Frameworks */ = {isa = PBXBuildFile; fileRef = CA9DC9DD1D3E011B00152566 /* OpenGLES.framework */; };
		CA9DC9E01D3E013400152566 /* SystemConfiguration.framework in Frameworks */ = {isa = PBXBuildFile; fileRef = CA9DC9DF1D3E013400152566 /* SystemConfiguration.framework */; };
		CA9DC9E21D3E013B00152566 /* CoreGraphics.framework in Frameworks */ = {isa = PBXBuildFile; fileRef = CA9DC9E11D3E013B00152566 /* CoreGraphics.framework */; };
		CA9DC9E41D3E014300152566 /* Security.framework in Frameworks */ = {isa = PBXBuildFile; fileRef = CA9DC9E31D3E014300152566 /* Security.framework */; };
		CA9DC9E61D3E015000152566 /* libsqlite3.0.tbd in Frameworks */ = {isa = PBXBuildFile; fileRef = CA9DC9E51D3E015000152566 /* libsqlite3.0.tbd */; };
		CA9DC9E81D3E015A00152566 /* CoreTelephony.framework in Frameworks */ = {isa = PBXBuildFile; fileRef = CA9DC9E71D3E015A00152566 /* CoreTelephony.framework */; };
		CA9DC9EA1D3E017A00152566 /* libstdc++.6.0.9.tbd in Frameworks */ = {isa = PBXBuildFile; fileRef = CA9DC9E91D3E017A00152566 /* libstdc++.6.0.9.tbd */; };
/* End PBXBuildFile section */

/* Begin PBXContainerItemProxy section */
		CA9DC9AE1D3DC6CF00152566 /* PBXContainerItemProxy */ = {
			isa = PBXContainerItemProxy;
			containerPortal = CA9DC98C1D3DC6CF00152566 /* Project object */;
			proxyType = 1;
			remoteGlobalIDString = CA9DC9931D3DC6CF00152566;
			remoteInfo = MapStopwatch;
		};
		CA9DC9B91D3DC6CF00152566 /* PBXContainerItemProxy */ = {
			isa = PBXContainerItemProxy;
			containerPortal = CA9DC98C1D3DC6CF00152566 /* Project object */;
			proxyType = 1;
			remoteGlobalIDString = CA9DC9931D3DC6CF00152566;
			remoteInfo = MapStopwatch;
		};
/* End PBXContainerItemProxy section */

/* Begin PBXFileReference section */
		2D3F0AF9BBCC8AF982DBBC37 /* Pods.debug.xcconfig */ = {isa = PBXFileReference; includeInIndex = 1; lastKnownFileType = text.xcconfig; name = Pods.debug.xcconfig; path = "Pods/Target Support Files/Pods/Pods.debug.xcconfig"; sourceTree = "<group>"; };
		94115B8E1714CBB50A19757A /* libPods.a */ = {isa = PBXFileReference; explicitFileType = archive.ar; includeInIndex = 0; path = libPods.a; sourceTree = BUILT_PRODUCTS_DIR; };
		999F4C6D9BAE528C04F14D53 /* Pods.release.xcconfig */ = {isa = PBXFileReference; includeInIndex = 1; lastKnownFileType = text.xcconfig; name = Pods.release.xcconfig; path = "Pods/Target Support Files/Pods/Pods.release.xcconfig"; sourceTree = "<group>"; };
		CA9DC9941D3DC6CF00152566 /* MapStopwatch.app */ = {isa = PBXFileReference; explicitFileType = wrapper.application; includeInIndex = 0; path = MapStopwatch.app; sourceTree = BUILT_PRODUCTS_DIR; };
		CA9DC9981D3DC6CF00152566 /* main.m */ = {isa = PBXFileReference; lastKnownFileType = sourcecode.c.objc; path = main.m; sourceTree = "<group>"; };
		CA9DC99A1D3DC6CF00152566 /* AppDelegate.h */ = {isa = PBXFileReference; lastKnownFileType = sourcecode.c.h; path = AppDelegate.h; sourceTree = "<group>"; };
		CA9DC99B1D3DC6CF00152566 /* AppDelegate.mm */ = {isa = PBXFileReference; lastKnownFileType = sourcecode.cpp.objcpp; path = AppDelegate.mm; sourceTree = "<group>"; };
		CA9DC9A31D3DC6CF00152566 /* Assets.xcassets */ = {isa = PBXFileReference; lastKnownFileType = folder.assetcatalog; path = Assets.xcassets; sourceTree = "<group>"; };
		CA9DC9A61D3DC6CF00152566 /* Base */ = {isa = PBXFileReference; lastKnownFileType = file.storyboard; name = Base; path = Base.lproj/LaunchScreen.storyboard; sourceTree = "<group>"; };
		CA9DC9A81D3DC6CF00152566 /* Info.plist */ = {isa = PBXFileReference; lastKnownFileType = text.plist.xml; path = Info.plist; sourceTree = "<group>"; };
		CA9DC9AD1D3DC6CF00152566 /* MapStopwatchTests.xctest */ = {isa = PBXFileReference; explicitFileType = wrapper.cfbundle; includeInIndex = 0; path = MapStopwatchTests.xctest; sourceTree = BUILT_PRODUCTS_DIR; };
		CA9DC9B11D3DC6CF00152566 /* MapStopwatchTests.m */ = {isa = PBXFileReference; lastKnownFileType = sourcecode.c.objc; path = MapStopwatchTests.m; sourceTree = "<group>"; };
		CA9DC9B31D3DC6CF00152566 /* Info.plist */ = {isa = PBXFileReference; lastKnownFileType = text.plist.xml; path = Info.plist; sourceTree = "<group>"; };
		CA9DC9B81D3DC6CF00152566 /* MapStopwatchUITests.xctest */ = {isa = PBXFileReference; explicitFileType = wrapper.cfbundle; includeInIndex = 0; path = MapStopwatchUITests.xctest; sourceTree = BUILT_PRODUCTS_DIR; };
		CA9DC9BC1D3DC6CF00152566 /* MapStopwatchUITests.m */ = {isa = PBXFileReference; lastKnownFileType = sourcecode.c.objc; path = MapStopwatchUITests.m; sourceTree = "<group>"; };
		CA9DC9BE1D3DC6CF00152566 /* Info.plist */ = {isa = PBXFileReference; lastKnownFileType = text.plist.xml; path = Info.plist; sourceTree = "<group>"; };
		CA9DC9CA1D3DF56700152566 /* MapRiding.xib */ = {isa = PBXFileReference; fileEncoding = 4; lastKnownFileType = file.xib; path = MapRiding.xib; sourceTree = "<group>"; };
		CA9DC9CB1D3DF56700152566 /* MapRidingView.h */ = {isa = PBXFileReference; fileEncoding = 4; lastKnownFileType = sourcecode.c.h; path = MapRidingView.h; sourceTree = "<group>"; };
		CA9DC9CC1D3DF56700152566 /* MapRidingView.m */ = {isa = PBXFileReference; fileEncoding = 4; lastKnownFileType = sourcecode.c.objc; path = MapRidingView.m; sourceTree = "<group>"; };
		CA9DC9CD1D3DF56700152566 /* Riding.storyboard */ = {isa = PBXFileReference; fileEncoding = 4; lastKnownFileType = file.storyboard; path = Riding.storyboard; sourceTree = "<group>"; };
		CA9DC9CE1D3DF56700152566 /* RidingController.h */ = {isa = PBXFileReference; fileEncoding = 4; lastKnownFileType = sourcecode.c.h; path = RidingController.h; sourceTree = "<group>"; };
		CA9DC9CF1D3DF56700152566 /* RidingController.m */ = {isa = PBXFileReference; fileEncoding = 4; lastKnownFileType = sourcecode.c.objc; path = RidingController.m; sourceTree = "<group>"; };
		CA9DC9D01D3DF56700152566 /* TableRiding.xib */ = {isa = PBXFileReference; fileEncoding = 4; lastKnownFileType = file.xib; path = TableRiding.xib; sourceTree = "<group>"; };
		CA9DC9D11D3DF56700152566 /* TableRidingView.h */ = {isa = PBXFileReference; fileEncoding = 4; lastKnownFileType = sourcecode.c.h; path = TableRidingView.h; sourceTree = "<group>"; };
		CA9DC9D21D3DF56700152566 /* TableRidingView.m */ = {isa = PBXFileReference; fileEncoding = 4; lastKnownFileType = sourcecode.c.objc; path = TableRidingView.m; sourceTree = "<group>"; };
		CA9DC9D91D3E010C00152566 /* CoreLocation.framework */ = {isa = PBXFileReference; lastKnownFileType = wrapper.framework; name = CoreLocation.framework; path = System/Library/Frameworks/CoreLocation.framework; sourceTree = SDKROOT; };
		CA9DC9DB1D3E011300152566 /* QuartzCore.framework */ = {isa = PBXFileReference; lastKnownFileType = wrapper.framework; name = QuartzCore.framework; path = System/Library/Frameworks/QuartzCore.framework; sourceTree = SDKROOT; };
		CA9DC9DD1D3E011B00152566 /* OpenGLES.framework */ = {isa = PBXFileReference; lastKnownFileType = wrapper.framework; name = OpenGLES.framework; path = System/Library/Frameworks/OpenGLES.framework; sourceTree = SDKROOT; };
		CA9DC9DF1D3E013400152566 /* SystemConfiguration.framework */ = {isa = PBXFileReference; lastKnownFileType = wrapper.framework; name = SystemConfiguration.framework; path = System/Library/Frameworks/SystemConfiguration.framework; sourceTree = SDKROOT; };
		CA9DC9E11D3E013B00152566 /* CoreGraphics.framework */ = {isa = PBXFileReference; lastKnownFileType = wrapper.framework; name = CoreGraphics.framework; path = System/Library/Frameworks/CoreGraphics.framework; sourceTree = SDKROOT; };
		CA9DC9E31D3E014300152566 /* Security.framework */ = {isa = PBXFileReference; lastKnownFileType = wrapper.framework; name = Security.framework; path = System/Library/Frameworks/Security.framework; sourceTree = SDKROOT; };
		CA9DC9E51D3E015000152566 /* libsqlite3.0.tbd */ = {isa = PBXFileReference; lastKnownFileType = "sourcecode.text-based-dylib-definition"; name = libsqlite3.0.tbd; path = usr/lib/libsqlite3.0.tbd; sourceTree = SDKROOT; };
		CA9DC9E71D3E015A00152566 /* CoreTelephony.framework */ = {isa = PBXFileReference; lastKnownFileType = wrapper.framework; name = CoreTelephony.framework; path = System/Library/Frameworks/CoreTelephony.framework; sourceTree = SDKROOT; };
		CA9DC9E91D3E017A00152566 /* libstdc++.6.0.9.tbd */ = {isa = PBXFileReference; lastKnownFileType = "sourcecode.text-based-dylib-definition"; name = "libstdc++.6.0.9.tbd"; path = "usr/lib/libstdc++.6.0.9.tbd"; sourceTree = SDKROOT; };
/* End PBXFileReference section */

/* Begin PBXFrameworksBuildPhase section */
		CA9DC9911D3DC6CF00152566 /* Frameworks */ = {
			isa = PBXFrameworksBuildPhase;
			buildActionMask = 2147483647;
			files = (
				CA9DC9EA1D3E017A00152566 /* libstdc++.6.0.9.tbd in Frameworks */,
				CA9DC9E81D3E015A00152566 /* CoreTelephony.framework in Frameworks */,
				CA9DC9E61D3E015000152566 /* libsqlite3.0.tbd in Frameworks */,
				CA9DC9E41D3E014300152566 /* Security.framework in Frameworks */,
				CA9DC9E21D3E013B00152566 /* CoreGraphics.framework in Frameworks */,
				CA9DC9E01D3E013400152566 /* SystemConfiguration.framework in Frameworks */,
				CA9DC9DE1D3E011B00152566 /* OpenGLES.framework in Frameworks */,
				CA9DC9DC1D3E011300152566 /* QuartzCore.framework in Frameworks */,
				CA9DC9DA1D3E010C00152566 /* CoreLocation.framework in Frameworks */,
				19E183CB8C292C9BD2A200BE /* libPods.a in Frameworks */,
			);
			runOnlyForDeploymentPostprocessing = 0;
		};
		CA9DC9AA1D3DC6CF00152566 /* Frameworks */ = {
			isa = PBXFrameworksBuildPhase;
			buildActionMask = 2147483647;
			files = (
			);
			runOnlyForDeploymentPostprocessing = 0;
		};
		CA9DC9B51D3DC6CF00152566 /* Frameworks */ = {
			isa = PBXFrameworksBuildPhase;
			buildActionMask = 2147483647;
			files = (
			);
			runOnlyForDeploymentPostprocessing = 0;
		};
/* End PBXFrameworksBuildPhase section */

/* Begin PBXGroup section */
		4EB3BA9260769174683775ED /* Frameworks */ = {
			isa = PBXGroup;
			children = (
				CA9DC9E91D3E017A00152566 /* libstdc++.6.0.9.tbd */,
				CA9DC9E71D3E015A00152566 /* CoreTelephony.framework */,
				CA9DC9E51D3E015000152566 /* libsqlite3.0.tbd */,
				CA9DC9E31D3E014300152566 /* Security.framework */,
				CA9DC9E11D3E013B00152566 /* CoreGraphics.framework */,
				CA9DC9DF1D3E013400152566 /* SystemConfiguration.framework */,
				CA9DC9DD1D3E011B00152566 /* OpenGLES.framework */,
				CA9DC9DB1D3E011300152566 /* QuartzCore.framework */,
				CA9DC9D91D3E010C00152566 /* CoreLocation.framework */,
				94115B8E1714CBB50A19757A /* libPods.a */,
			);
			name = Frameworks;
			sourceTree = "<group>";
		};
		C45E544397B6F0545279AA62 /* Pods */ = {
			isa = PBXGroup;
			children = (
				2D3F0AF9BBCC8AF982DBBC37 /* Pods.debug.xcconfig */,
				999F4C6D9BAE528C04F14D53 /* Pods.release.xcconfig */,
			);
			name = Pods;
			sourceTree = "<group>";
		};
		CA9DC98B1D3DC6CF00152566 = {
			isa = PBXGroup;
			children = (
				CA9DC9961D3DC6CF00152566 /* MapStopwatch */,
				CA9DC9B01D3DC6CF00152566 /* MapStopwatchTests */,
				CA9DC9BB1D3DC6CF00152566 /* MapStopwatchUITests */,
				CA9DC9951D3DC6CF00152566 /* Products */,
				C45E544397B6F0545279AA62 /* Pods */,
				4EB3BA9260769174683775ED /* Frameworks */,
			);
			sourceTree = "<group>";
		};
		CA9DC9951D3DC6CF00152566 /* Products */ = {
			isa = PBXGroup;
			children = (
				CA9DC9941D3DC6CF00152566 /* MapStopwatch.app */,
				CA9DC9AD1D3DC6CF00152566 /* MapStopwatchTests.xctest */,
				CA9DC9B81D3DC6CF00152566 /* MapStopwatchUITests.xctest */,
			);
			name = Products;
			sourceTree = "<group>";
		};
		CA9DC9961D3DC6CF00152566 /* MapStopwatch */ = {
			isa = PBXGroup;
			children = (
				CA9DC99A1D3DC6CF00152566 /* AppDelegate.h */,
				CA9DC99B1D3DC6CF00152566 /* AppDelegate.mm */,
				CA9DC9CE1D3DF56700152566 /* RidingController.h */,
				CA9DC9CF1D3DF56700152566 /* RidingController.m */,
				CA9DC9CD1D3DF56700152566 /* Riding.storyboard */,
				CA9DC9D11D3DF56700152566 /* TableRidingView.h */,
				CA9DC9D21D3DF56700152566 /* TableRidingView.m */,
				CA9DC9D01D3DF56700152566 /* TableRiding.xib */,
				CA9DC9CB1D3DF56700152566 /* MapRidingView.h */,
				CA9DC9CC1D3DF56700152566 /* MapRidingView.m */,
				CA9DC9CA1D3DF56700152566 /* MapRiding.xib */,
				CA9DC9A31D3DC6CF00152566 /* Assets.xcassets */,
				CA9DC9A51D3DC6CF00152566 /* LaunchScreen.storyboard */,
				CA9DC9A81D3DC6CF00152566 /* Info.plist */,
				CA9DC9971D3DC6CF00152566 /* Supporting Files */,
			);
			path = MapStopwatch;
			sourceTree = "<group>";
		};
		CA9DC9971D3DC6CF00152566 /* Supporting Files */ = {
			isa = PBXGroup;
			children = (
				CA9DC9981D3DC6CF00152566 /* main.m */,
			);
			name = "Supporting Files";
			sourceTree = "<group>";
		};
		CA9DC9B01D3DC6CF00152566 /* MapStopwatchTests */ = {
			isa = PBXGroup;
			children = (
				CA9DC9B11D3DC6CF00152566 /* MapStopwatchTests.m */,
				CA9DC9B31D3DC6CF00152566 /* Info.plist */,
			);
			path = MapStopwatchTests;
			sourceTree = "<group>";
		};
		CA9DC9BB1D3DC6CF00152566 /* MapStopwatchUITests */ = {
			isa = PBXGroup;
			children = (
				CA9DC9BC1D3DC6CF00152566 /* MapStopwatchUITests.m */,
				CA9DC9BE1D3DC6CF00152566 /* Info.plist */,
			);
			path = MapStopwatchUITests;
			sourceTree = "<group>";
		};
/* End PBXGroup section */

/* Begin PBXNativeTarget section */
		CA9DC9931D3DC6CF00152566 /* MapStopwatch */ = {
			isa = PBXNativeTarget;
			buildConfigurationList = CA9DC9C11D3DC6CF00152566 /* Build configuration list for PBXNativeTarget "MapStopwatch" */;
			buildPhases = (
				F2D6224A2F8D12CE7BDACF09 /* Check Pods Manifest.lock */,
				CA9DC9901D3DC6CF00152566 /* Sources */,
				CA9DC9911D3DC6CF00152566 /* Frameworks */,
				CA9DC9921D3DC6CF00152566 /* Resources */,
				37D80DED97DEF54C135841E4 /* Embed Pods Frameworks */,
				15D7DE2E60AC66BCCEF3AEBE /* Copy Pods Resources */,
			);
			buildRules = (
			);
			dependencies = (
			);
			name = MapStopwatch;
			productName = MapStopwatch;
			productReference = CA9DC9941D3DC6CF00152566 /* MapStopwatch.app */;
			productType = "com.apple.product-type.application";
		};
		CA9DC9AC1D3DC6CF00152566 /* MapStopwatchTests */ = {
			isa = PBXNativeTarget;
			buildConfigurationList = CA9DC9C41D3DC6CF00152566 /* Build configuration list for PBXNativeTarget "MapStopwatchTests" */;
			buildPhases = (
				CA9DC9A91D3DC6CF00152566 /* Sources */,
				CA9DC9AA1D3DC6CF00152566 /* Frameworks */,
				CA9DC9AB1D3DC6CF00152566 /* Resources */,
			);
			buildRules = (
			);
			dependencies = (
				CA9DC9AF1D3DC6CF00152566 /* PBXTargetDependency */,
			);
			name = MapStopwatchTests;
			productName = MapStopwatchTests;
			productReference = CA9DC9AD1D3DC6CF00152566 /* MapStopwatchTests.xctest */;
			productType = "com.apple.product-type.bundle.unit-test";
		};
		CA9DC9B71D3DC6CF00152566 /* MapStopwatchUITests */ = {
			isa = PBXNativeTarget;
			buildConfigurationList = CA9DC9C71D3DC6CF00152566 /* Build configuration list for PBXNativeTarget "MapStopwatchUITests" */;
			buildPhases = (
				CA9DC9B41D3DC6CF00152566 /* Sources */,
				CA9DC9B51D3DC6CF00152566 /* Frameworks */,
				CA9DC9B61D3DC6CF00152566 /* Resources */,
			);
			buildRules = (
			);
			dependencies = (
				CA9DC9BA1D3DC6CF00152566 /* PBXTargetDependency */,
			);
			name = MapStopwatchUITests;
			productName = MapStopwatchUITests;
			productReference = CA9DC9B81D3DC6CF00152566 /* MapStopwatchUITests.xctest */;
			productType = "com.apple.product-type.bundle.ui-testing";
		};
/* End PBXNativeTarget section */

/* Begin PBXProject section */
		CA9DC98C1D3DC6CF00152566 /* Project object */ = {
			isa = PBXProject;
			attributes = {
				LastUpgradeCheck = 0730;
				ORGANIZATIONNAME = cpx;
				TargetAttributes = {
					CA9DC9931D3DC6CF00152566 = {
						CreatedOnToolsVersion = 7.3.1;
					};
					CA9DC9AC1D3DC6CF00152566 = {
						CreatedOnToolsVersion = 7.3.1;
						TestTargetID = CA9DC9931D3DC6CF00152566;
					};
					CA9DC9B71D3DC6CF00152566 = {
						CreatedOnToolsVersion = 7.3.1;
						TestTargetID = CA9DC9931D3DC6CF00152566;
					};
				};
			};
			buildConfigurationList = CA9DC98F1D3DC6CF00152566 /* Build configuration list for PBXProject "MapStopwatch" */;
			compatibilityVersion = "Xcode 3.2";
			developmentRegion = English;
			hasScannedForEncodings = 0;
			knownRegions = (
				en,
				Base,
			);
			mainGroup = CA9DC98B1D3DC6CF00152566;
			productRefGroup = CA9DC9951D3DC6CF00152566 /* Products */;
			projectDirPath = "";
			projectRoot = "";
			targets = (
				CA9DC9931D3DC6CF00152566 /* MapStopwatch */,
				CA9DC9AC1D3DC6CF00152566 /* MapStopwatchTests */,
				CA9DC9B71D3DC6CF00152566 /* MapStopwatchUITests */,
			);
		};
/* End PBXProject section */

/* Begin PBXResourcesBuildPhase section */
		CA9DC9921D3DC6CF00152566 /* Resources */ = {
			isa = PBXResourcesBuildPhase;
			buildActionMask = 2147483647;
			files = (
				CA9DC9A71D3DC6CF00152566 /* LaunchScreen.storyboard in Resources */,
				CA9DC9D31D3DF56700152566 /* MapRiding.xib in Resources */,
				CA9DC9A41D3DC6CF00152566 /* Assets.xcassets in Resources */,
				CA9DC9D51D3DF56700152566 /* Riding.storyboard in Resources */,
				CA9DC9D71D3DF56700152566 /* TableRiding.xib in Resources */,
			);
			runOnlyForDeploymentPostprocessing = 0;
		};
		CA9DC9AB1D3DC6CF00152566 /* Resources */ = {
			isa = PBXResourcesBuildPhase;
			buildActionMask = 2147483647;
			files = (
			);
			runOnlyForDeploymentPostprocessing = 0;
		};
		CA9DC9B61D3DC6CF00152566 /* Resources */ = {
			isa = PBXResourcesBuildPhase;
			buildActionMask = 2147483647;
			files = (
			);
			runOnlyForDeploymentPostprocessing = 0;
		};
/* End PBXResourcesBuildPhase section */

/* Begin PBXShellScriptBuildPhase section */
		15D7DE2E60AC66BCCEF3AEBE /* Copy Pods Resources */ = {
			isa = PBXShellScriptBuildPhase;
			buildActionMask = 2147483647;
			files = (
			);
			inputPaths = (
			);
			name = "Copy Pods Resources";
			outputPaths = (
			);
			runOnlyForDeploymentPostprocessing = 0;
			shellPath = /bin/sh;
			shellScript = "\"${SRCROOT}/Pods/Target Support Files/Pods/Pods-resources.sh\"\n";
			showEnvVarsInLog = 0;
		};
		37D80DED97DEF54C135841E4 /* Embed Pods Frameworks */ = {
			isa = PBXShellScriptBuildPhase;
			buildActionMask = 2147483647;
			files = (
			);
			inputPaths = (
			);
			name = "Embed Pods Frameworks";
			outputPaths = (
			);
			runOnlyForDeploymentPostprocessing = 0;
			shellPath = /bin/sh;
			shellScript = "\"${SRCROOT}/Pods/Target Support Files/Pods/Pods-frameworks.sh\"\n";
			showEnvVarsInLog = 0;
		};
		F2D6224A2F8D12CE7BDACF09 /* Check Pods Manifest.lock */ = {
			isa = PBXShellScriptBuildPhase;
			buildActionMask = 2147483647;
			files = (
			);
			inputPaths = (
			);
			name = "Check Pods Manifest.lock";
			outputPaths = (
			);
			runOnlyForDeploymentPostprocessing = 0;
			shellPath = /bin/sh;
			shellScript = "diff \"${PODS_ROOT}/../Podfile.lock\" \"${PODS_ROOT}/Manifest.lock\" > /dev/null\nif [[ $? != 0 ]] ; then\n    cat << EOM\nerror: The sandbox is not in sync with the Podfile.lock. Run 'pod install' or update your CocoaPods installation.\nEOM\n    exit 1\nfi\n";
			showEnvVarsInLog = 0;
		};
/* End PBXShellScriptBuildPhase section */

/* Begin PBXSourcesBuildPhase section */
		CA9DC9901D3DC6CF00152566 /* Sources */ = {
			isa = PBXSourcesBuildPhase;
			buildActionMask = 2147483647;
			files = (
				CA9DC9D41D3DF56700152566 /* MapRidingView.m in Sources */,
				CA9DC9D61D3DF56700152566 /* RidingController.m in Sources */,
				CA9DC99C1D3DC6CF00152566 /* AppDelegate.mm in Sources */,
				CA9DC9D81D3DF56700152566 /* TableRidingView.m in Sources */,
				CA9DC9991D3DC6CF00152566 /* main.m in Sources */,
			);
			runOnlyForDeploymentPostprocessing = 0;
		};
		CA9DC9A91D3DC6CF00152566 /* Sources */ = {
			isa = PBXSourcesBuildPhase;
			buildActionMask = 2147483647;
			files = (
				CA9DC9B21D3DC6CF00152566 /* MapStopwatchTests.m in Sources */,
			);
			runOnlyForDeploymentPostprocessing = 0;
		};
		CA9DC9B41D3DC6CF00152566 /* Sources */ = {
			isa = PBXSourcesBuildPhase;
			buildActionMask = 2147483647;
			files = (
				CA9DC9BD1D3DC6CF00152566 /* MapStopwatchUITests.m in Sources */,
			);
			runOnlyForDeploymentPostprocessing = 0;
		};
/* End PBXSourcesBuildPhase section */

/* Begin PBXTargetDependency section */
		CA9DC9AF1D3DC6CF00152566 /* PBXTargetDependency */ = {
			isa = PBXTargetDependency;
			target = CA9DC9931D3DC6CF00152566 /* MapStopwatch */;
			targetProxy = CA9DC9AE1D3DC6CF00152566 /* PBXContainerItemProxy */;
		};
		CA9DC9BA1D3DC6CF00152566 /* PBXTargetDependency */ = {
			isa = PBXTargetDependency;
			target = CA9DC9931D3DC6CF00152566 /* MapStopwatch */;
			targetProxy = CA9DC9B91D3DC6CF00152566 /* PBXContainerItemProxy */;
		};
/* End PBXTargetDependency section */

/* Begin PBXVariantGroup section */
		CA9DC9A51D3DC6CF00152566 /* LaunchScreen.storyboard */ = {
			isa = PBXVariantGroup;
			children = (
				CA9DC9A61D3DC6CF00152566 /* Base */,
			);
			name = LaunchScreen.storyboard;
			sourceTree = "<group>";
		};
/* End PBXVariantGroup section */

/* Begin XCBuildConfiguration section */
		CA9DC9BF1D3DC6CF00152566 /* Debug */ = {
			isa = XCBuildConfiguration;
			buildSettings = {
				ALWAYS_SEARCH_USER_PATHS = NO;
				CLANG_ANALYZER_NONNULL = YES;
				CLANG_CXX_LANGUAGE_STANDARD = "gnu++0x";
				CLANG_CXX_LIBRARY = "libc++";
				CLANG_ENABLE_MODULES = YES;
				CLANG_ENABLE_OBJC_ARC = YES;
				CLANG_WARN_BOOL_CONVERSION = YES;
				CLANG_WARN_CONSTANT_CONVERSION = YES;
				CLANG_WARN_DIRECT_OBJC_ISA_USAGE = YES_ERROR;
				CLANG_WARN_EMPTY_BODY = YES;
				CLANG_WARN_ENUM_CONVERSION = YES;
				CLANG_WARN_INT_CONVERSION = YES;
				CLANG_WARN_OBJC_ROOT_CLASS = YES_ERROR;
				CLANG_WARN_UNREACHABLE_CODE = YES;
				CLANG_WARN__DUPLICATE_METHOD_MATCH = YES;
				"CODE_SIGN_IDENTITY[sdk=iphoneos*]" = "iPhone Developer";
				COPY_PHASE_STRIP = NO;
				DEBUG_INFORMATION_FORMAT = dwarf;
				ENABLE_STRICT_OBJC_MSGSEND = YES;
				ENABLE_TESTABILITY = YES;
				GCC_C_LANGUAGE_STANDARD = gnu99;
				GCC_DYNAMIC_NO_PIC = NO;
				GCC_NO_COMMON_BLOCKS = YES;
				GCC_OPTIMIZATION_LEVEL = 0;
				GCC_PREPROCESSOR_DEFINITIONS = (
					"DEBUG=1",
					"$(inherited)",
				);
				GCC_WARN_64_TO_32_BIT_CONVERSION = YES;
				GCC_WARN_ABOUT_RETURN_TYPE = YES_ERROR;
				GCC_WARN_UNDECLARED_SELECTOR = YES;
				GCC_WARN_UNINITIALIZED_AUTOS = YES_AGGRESSIVE;
				GCC_WARN_UNUSED_FUNCTION = YES;
				GCC_WARN_UNUSED_VARIABLE = YES;
				IPHONEOS_DEPLOYMENT_TARGET = 9.3;
				MTL_ENABLE_DEBUG_INFO = YES;
				ONLY_ACTIVE_ARCH = YES;
				SDKROOT = iphoneos;
			};
			name = Debug;
		};
		CA9DC9C01D3DC6CF00152566 /* Release */ = {
			isa = XCBuildConfiguration;
			buildSettings = {
				ALWAYS_SEARCH_USER_PATHS = NO;
				CLANG_ANALYZER_NONNULL = YES;
				CLANG_CXX_LANGUAGE_STANDARD = "gnu++0x";
				CLANG_CXX_LIBRARY = "libc++";
				CLANG_ENABLE_MODULES = YES;
				CLANG_ENABLE_OBJC_ARC = YES;
				CLANG_WARN_BOOL_CONVERSION = YES;
				CLANG_WARN_CONSTANT_CONVERSION = YES;
				CLANG_WARN_DIRECT_OBJC_ISA_USAGE = YES_ERROR;
				CLANG_WARN_EMPTY_BODY = YES;
				CLANG_WARN_ENUM_CONVERSION = YES;
				CLANG_WARN_INT_CONVERSION = YES;
				CLANG_WARN_OBJC_ROOT_CLASS = YES_ERROR;
				CLANG_WARN_UNREACHABLE_CODE = YES;
				CLANG_WARN__DUPLICATE_METHOD_MATCH = YES;
				"CODE_SIGN_IDENTITY[sdk=iphoneos*]" = "iPhone Developer";
				COPY_PHASE_STRIP = NO;
				DEBUG_INFORMATION_FORMAT = "dwarf-with-dsym";
				ENABLE_NS_ASSERTIONS = NO;
				ENABLE_STRICT_OBJC_MSGSEND = YES;
				GCC_C_LANGUAGE_STANDARD = gnu99;
				GCC_NO_COMMON_BLOCKS = YES;
				GCC_WARN_64_TO_32_BIT_CONVERSION = YES;
				GCC_WARN_ABOUT_RETURN_TYPE = YES_ERROR;
				GCC_WARN_UNDECLARED_SELECTOR = YES;
				GCC_WARN_UNINITIALIZED_AUTOS = YES_AGGRESSIVE;
				GCC_WARN_UNUSED_FUNCTION = YES;
				GCC_WARN_UNUSED_VARIABLE = YES;
				IPHONEOS_DEPLOYMENT_TARGET = 9.3;
				MTL_ENABLE_DEBUG_INFO = NO;
				SDKROOT = iphoneos;
				VALIDATE_PRODUCT = YES;
			};
			name = Release;
		};
		CA9DC9C21D3DC6CF00152566 /* Debug */ = {
			isa = XCBuildConfiguration;
			baseConfigurationReference = 2D3F0AF9BBCC8AF982DBBC37 /* Pods.debug.xcconfig */;
			buildSettings = {
				ASSETCATALOG_COMPILER_APPICON_NAME = AppIcon;
				INFOPLIST_FILE = MapStopwatch/Info.plist;
				IPHONEOS_DEPLOYMENT_TARGET = 9.0;
				LD_RUNPATH_SEARCH_PATHS = "$(inherited) @executable_path/Frameworks";
				PRODUCT_BUNDLE_IDENTIFIER = com.cpx.MapStopwatch;
				PRODUCT_NAME = "$(TARGET_NAME)";
			};
			name = Debug;
		};
		CA9DC9C31D3DC6CF00152566 /* Release */ = {
			isa = XCBuildConfiguration;
			baseConfigurationReference = 999F4C6D9BAE528C04F14D53 /* Pods.release.xcconfig */;
			buildSettings = {
				ASSETCATALOG_COMPILER_APPICON_NAME = AppIcon;
				INFOPLIST_FILE = MapStopwatch/Info.plist;
				IPHONEOS_DEPLOYMENT_TARGET = 9.0;
				LD_RUNPATH_SEARCH_PATHS = "$(inherited) @executable_path/Frameworks";
				PRODUCT_BUNDLE_IDENTIFIER = com.cpx.MapStopwatch;
				PRODUCT_NAME = "$(TARGET_NAME)";
			};
			name = Release;
		};
		CA9DC9C51D3DC6CF00152566 /* Debug */ = {
			isa = XCBuildConfiguration;
			buildSettings = {
				BUNDLE_LOADER = "$(TEST_HOST)";
				INFOPLIST_FILE = MapStopwatchTests/Info.plist;
				LD_RUNPATH_SEARCH_PATHS = "$(inherited) @executable_path/Frameworks @loader_path/Frameworks";
				PRODUCT_BUNDLE_IDENTIFIER = com.cpx.MapStopwatchTests;
				PRODUCT_NAME = "$(TARGET_NAME)";
				TEST_HOST = "$(BUILT_PRODUCTS_DIR)/MapStopwatch.app/MapStopwatch";
			};
			name = Debug;
		};
		CA9DC9C61D3DC6CF00152566 /* Release */ = {
			isa = XCBuildConfiguration;
			buildSettings = {
				BUNDLE_LOADER = "$(TEST_HOST)";
				INFOPLIST_FILE = MapStopwatchTests/Info.plist;
				LD_RUNPATH_SEARCH_PATHS = "$(inherited) @executable_path/Frameworks @loader_path/Frameworks";
				PRODUCT_BUNDLE_IDENTIFIER = com.cpx.MapStopwatchTests;
				PRODUCT_NAME = "$(TARGET_NAME)";
				TEST_HOST = "$(BUILT_PRODUCTS_DIR)/MapStopwatch.app/MapStopwatch";
			};
			name = Release;
		};
		CA9DC9C81D3DC6CF00152566 /* Debug */ = {
			isa = XCBuildConfiguration;
			buildSettings = {
				INFOPLIST_FILE = MapStopwatchUITests/Info.plist;
				LD_RUNPATH_SEARCH_PATHS = "$(inherited) @executable_path/Frameworks @loader_path/Frameworks";
				PRODUCT_BUNDLE_IDENTIFIER = com.cpx.MapStopwatchUITests;
				PRODUCT_NAME = "$(TARGET_NAME)";
				TEST_TARGET_NAME = MapStopwatch;
			};
			name = Debug;
		};
		CA9DC9C91D3DC6CF00152566 /* Release */ = {
			isa = XCBuildConfiguration;
			buildSettings = {
				INFOPLIST_FILE = MapStopwatchUITests/Info.plist;
				LD_RUNPATH_SEARCH_PATHS = "$(inherited) @executable_path/Frameworks @loader_path/Frameworks";
				PRODUCT_BUNDLE_IDENTIFIER = com.cpx.MapStopwatchUITests;
				PRODUCT_NAME = "$(TARGET_NAME)";
				TEST_TARGET_NAME = MapStopwatch;
			};
			name = Release;
		};
/* End XCBuildConfiguration section */

/* Begin XCConfigurationList section */
		CA9DC98F1D3DC6CF00152566 /* Build configuration list for PBXProject "MapStopwatch" */ = {
			isa = XCConfigurationList;
			buildConfigurations = (
				CA9DC9BF1D3DC6CF00152566 /* Debug */,
				CA9DC9C01D3DC6CF00152566 /* Release */,
			);
			defaultConfigurationIsVisible = 0;
			defaultConfigurationName = Release;
		};
		CA9DC9C11D3DC6CF00152566 /* Build configuration list for PBXNativeTarget "MapStopwatch" */ = {
			isa = XCConfigurationList;
			buildConfigurations = (
				CA9DC9C21D3DC6CF00152566 /* Debug */,
				CA9DC9C31D3DC6CF00152566 /* Release */,
			);
			defaultConfigurationIsVisible = 0;
			defaultConfigurationName = Release;
		};
		CA9DC9C41D3DC6CF00152566 /* Build configuration list for PBXNativeTarget "MapStopwatchTests" */ = {
			isa = XCConfigurationList;
			buildConfigurations = (
				CA9DC9C51D3DC6CF00152566 /* Debug */,
				CA9DC9C61D3DC6CF00152566 /* Release */,
			);
			defaultConfigurationIsVisible = 0;
			defaultConfigurationName = Release;
		};
		CA9DC9C71D3DC6CF00152566 /* Build configuration list for PBXNativeTarget "MapStopwatchUITests" */ = {
			isa = XCConfigurationList;
			buildConfigurations = (
				CA9DC9C81D3DC6CF00152566 /* Debug */,
				CA9DC9C91D3DC6CF00152566 /* Release */,
			);
			defaultConfigurationIsVisible = 0;
			defaultConfigurationName = Release;
		};
/* End XCConfigurationList section */
	};
	rootObject = CA9DC98C1D3DC6CF00152566 /* Project object */;
}
